
Microsoft Visual Studio Solution File, Format Version 12.00
# Visual Studio Version 16
VisualStudioVersion = 16.0.31624.102
MinimumVisualStudioVersion = 10.0.40219.1
Project("{FAE04EC0-301F-11D3-BF4B-00C04F79EFBC}") = "SimpleCalculator", "SimpleCalculator\SimpleCalculator.csproj", "{0B9EF9CB-CD7B-4F3D-AFA6-9954888886C0}"
EndProject
Global
	GlobalSection(SolutionConfigurationPlatforms) = preSolution
		Debug|Any CPU = Debug|Any CPU
		Release|Any CPU = Release|Any CPU
	EndGlobalSection
	GlobalSection(ProjectConfigurationPlatforms) = postSolution
		{0B9EF9CB-CD7B-4F3D-AFA6-9954888886C0}.Debug|Any CPU.ActiveCfg = Debug|Any CPU
		{0B9EF9CB-CD7B-4F3D-AFA6-9954888886C0}.Debug|Any CPU.Build.0 = Debug|Any CPU
		{0B9EF9CB-CD7B-4F3D-AFA6-9954888886C0}.Release|Any CPU.ActiveCfg = Release|Any CPU
		{0B9EF9CB-CD7B-4F3D-AFA6-9954888886C0}.Release|Any CPU.Build.0 = Release|Any CPU
	EndGlobalSection
	GlobalSection(SolutionProperties) = preSolution
		HideSolutionNode = FALSE
	EndGlobalSection
	GlobalSection(ExtensibilityGlobals) = postSolution
		SolutionGuid = {AD887CEA-EF22-4834-8855-8B201410229F}
	EndGlobalSection
EndGlobal
